
Microsoft Visual Studio Solution File, Format Version 12.00
# Visual Studio Version 16
VisualStudioVersion = 16.0.31702.278
MinimumVisualStudioVersion = 10.0.40219.1
Project("{FAE04EC0-301F-11D3-BF4B-00C04F79EFBC}") = "COPYRENAME", "WindowsFormsApp1\COPYRENAME.csproj", "{AC2FD202-8E52-4200-BD5D-ACB35C494008}"
EndProject
Global
	GlobalSection(SolutionConfigurationPlatforms) = preSolution
		Debug|Any CPU = Debug|Any CPU
		Release|Any CPU = Release|Any CPU
	EndGlobalSection
	GlobalSection(ProjectConfigurationPlatforms) = postSolution
		{AC2FD202-8E52-4200-BD5D-ACB35C494008}.Debug|Any CPU.ActiveCfg = Debug|Any CPU
		{AC2FD202-8E52-4200-BD5D-ACB35C494008}.Debug|Any CPU.Build.0 = Debug|Any CPU
		{AC2FD202-8E52-4200-BD5D-ACB35C494008}.Release|Any CPU.ActiveCfg = Release|Any CPU
		{AC2FD202-8E52-4200-BD5D-ACB35C494008}.Release|Any CPU.Build.0 = Release|Any CPU
	EndGlobalSection
	GlobalSection(SolutionProperties) = preSolution
		HideSolutionNode = FALSE
	EndGlobalSection
	GlobalSection(ExtensibilityGlobals) = postSolution
		SolutionGuid = {899E6BC6-9005-4A72-99CA-2D989C7D2277}
	EndGlobalSection
EndGlobal
